
Microsoft Visual Studio Solution File, Format Version 12.00
# Visual Studio Version 16
VisualStudioVersion = 16.0.29926.136
MinimumVisualStudioVersion = 10.0.40219.1
Project("{FAE04EC0-301F-11D3-BF4B-00C04F79EFBC}") = "pulse_2.0", "pulse_2.0.csproj", "{925A1B0D-F1D7-44B5-A146-98E2A6FEC309}"
EndProject
Project("{FAE04EC0-301F-11D3-BF4B-00C04F79EFBC}") = "Installer", "..\Installer\Installer\Installer.csproj", "{4BC41E46-456D-4AF1-BAC3-B9F9CC566C04}"
EndProject
Project("{54435603-DBB4-11D2-8724-00A0C9A8B90C}") = "Setup", "..\PulseSetup\Setup.vdproj", "{246876E7-FF91-4CBF-A60D-059AB54100C1}"
EndProject
Project("{2150E333-8FDC-42A3-9474-1A3956D46DE8}") = "Solution Items", "Solution Items", "{C7FD6B9A-A2AE-4215-B545-C14DFCB7F08E}"
	ProjectSection(SolutionItems) = preProject
		.editorconfig = .editorconfig
	EndProjectSection
EndProject
Global
	GlobalSection(SolutionConfigurationPlatforms) = preSolution
		Debug|Any CPU = Debug|Any CPU
		Debug|x64 = Debug|x64
		Debug|x86 = Debug|x86
		Release|Any CPU = Release|Any CPU
		Release|x64 = Release|x64
		Release|x86 = Release|x86
	EndGlobalSection
	GlobalSection(ProjectConfigurationPlatforms) = postSolution
		{925A1B0D-F1D7-44B5-A146-98E2A6FEC309}.Debug|Any CPU.ActiveCfg = Debug|Any CPU
		{925A1B0D-F1D7-44B5-A146-98E2A6FEC309}.Debug|Any CPU.Build.0 = Debug|Any CPU
		{925A1B0D-F1D7-44B5-A146-98E2A6FEC309}.Debug|x64.ActiveCfg = Debug|x64
		{925A1B0D-F1D7-44B5-A146-98E2A6FEC309}.Debug|x64.Build.0 = Debug|x64
		{925A1B0D-F1D7-44B5-A146-98E2A6FEC309}.Debug|x86.ActiveCfg = Debug|Any CPU
		{925A1B0D-F1D7-44B5-A146-98E2A6FEC309}.Debug|x86.Build.0 = Debug|Any CPU
		{925A1B0D-F1D7-44B5-A146-98E2A6FEC309}.Release|Any CPU.ActiveCfg = Release|Any CPU
		{925A1B0D-F1D7-44B5-A146-98E2A6FEC309}.Release|Any CPU.Build.0 = Release|Any CPU
		{925A1B0D-F1D7-44B5-A146-98E2A6FEC309}.Release|x64.ActiveCfg = Release|x64
		{925A1B0D-F1D7-44B5-A146-98E2A6FEC309}.Release|x64.Build.0 = Release|x64
		{925A1B0D-F1D7-44B5-A146-98E2A6FEC309}.Release|x86.ActiveCfg = Release|x86
		{925A1B0D-F1D7-44B5-A146-98E2A6FEC309}.Release|x86.Build.0 = Release|x86
		{4BC41E46-456D-4AF1-BAC3-B9F9CC566C04}.Debug|Any CPU.ActiveCfg = Debug|Any CPU
		{4BC41E46-456D-4AF1-BAC3-B9F9CC566C04}.Debug|Any CPU.Build.0 = Debug|Any CPU
		{4BC41E46-456D-4AF1-BAC3-B9F9CC566C04}.Debug|x64.ActiveCfg = Debug|Any CPU
		{4BC41E46-456D-4AF1-BAC3-B9F9CC566C04}.Debug|x64.Build.0 = Debug|Any CPU
		{4BC41E46-456D-4AF1-BAC3-B9F9CC566C04}.Debug|x86.ActiveCfg = Debug|Any CPU
		{4BC41E46-456D-4AF1-BAC3-B9F9CC566C04}.Debug|x86.Build.0 = Debug|Any CPU
		{4BC41E46-456D-4AF1-BAC3-B9F9CC566C04}.Release|Any CPU.ActiveCfg = Release|Any CPU
		{4BC41E46-456D-4AF1-BAC3-B9F9CC566C04}.Release|Any CPU.Build.0 = Release|Any CPU
		{4BC41E46-456D-4AF1-BAC3-B9F9CC566C04}.Release|x64.ActiveCfg = Release|Any CPU
		{4BC41E46-456D-4AF1-BAC3-B9F9CC566C04}.Release|x64.Build.0 = Release|Any CPU
		{4BC41E46-456D-4AF1-BAC3-B9F9CC566C04}.Release|x86.ActiveCfg = Release|Any CPU
		{4BC41E46-456D-4AF1-BAC3-B9F9CC566C04}.Release|x86.Build.0 = Release|Any CPU
		{246876E7-FF91-4CBF-A60D-059AB54100C1}.Debug|Any CPU.ActiveCfg = Debug
		{246876E7-FF91-4CBF-A60D-059AB54100C1}.Debug|Any CPU.Build.0 = Debug
		{246876E7-FF91-4CBF-A60D-059AB54100C1}.Debug|x64.ActiveCfg = Debug
		{246876E7-FF91-4CBF-A60D-059AB54100C1}.Debug|x64.Build.0 = Debug
		{246876E7-FF91-4CBF-A60D-059AB54100C1}.Debug|x86.ActiveCfg = Debug
		{246876E7-FF91-4CBF-A60D-059AB54100C1}.Debug|x86.Build.0 = Debug
		{246876E7-FF91-4CBF-A60D-059AB54100C1}.Release|Any CPU.ActiveCfg = Release
		{246876E7-FF91-4CBF-A60D-059AB54100C1}.Release|Any CPU.Build.0 = Release
		{246876E7-FF91-4CBF-A60D-059AB54100C1}.Release|x64.ActiveCfg = Release
		{246876E7-FF91-4CBF-A60D-059AB54100C1}.Release|x64.Build.0 = Release
		{246876E7-FF91-4CBF-A60D-059AB54100C1}.Release|x86.ActiveCfg = Release
		{246876E7-FF91-4CBF-A60D-059AB54100C1}.Release|x86.Build.0 = Release
	EndGlobalSection
	GlobalSection(SolutionProperties) = preSolution
		HideSolutionNode = FALSE
	EndGlobalSection
	GlobalSection(ExtensibilityGlobals) = postSolution
		SolutionGuid = {B9CB6BCD-D2A7-48CC-BDAC-244DF1005EB6}
	EndGlobalSection
EndGlobal
